hash: 31f630093cf167e20e627118d4e7dec7fbfa826adf251c8586f14ad342790710
updated: 2017-03-14T17:55:38.676427353+09:00
imports:
- name: github.com/aws/aws-sdk-go
  version: 9dcf25708294b7b416ffd4b238b9708417f1d351
  subpackages:
  - aws
  - aws/awserr
  - aws/awsutil
  - aws/client
  - aws/client/metadata
  - aws/corehandlers
  - aws/credentials
  - aws/credentials/ec2rolecreds
  - aws/credentials/endpointcreds
  - aws/credentials/stscreds
  - aws/defaults
  - aws/ec2metadata
  - aws/endpoints
  - aws/request
  - aws/session
  - aws/signer/v4
  - private/protocol
  - private/protocol/query
  - private/protocol/query/queryutil
  - private/protocol/rest
  - private/protocol/restxml
  - private/protocol/xml/xmlutil
  - private/waiter
  - service/s3
  - service/s3/s3iface
  - service/s3/s3manager
  - service/sts
- name: github.com/coreos/go-systemd
  version: e97b35f834b17eaa82afe3d44715c34736bfa12b
  subpackages:
  - dbus
- name: github.com/crosbymichael/cgroups
  version: 64d6bd149c59fa0f2aad3b31773827c119d80392
- name: github.com/docker/go-units
  version: f2d77a61e3c169b43402a0a1e84f06daf29b8190
- name: github.com/go-ini/ini
  version: 6f66b0e091edb3c7b380f7c4f0f884274d550b67
- name: github.com/godbus/dbus
  version: fe0e1d54eaeda11a9979659a8d32f459e88bee75
- name: github.com/jmespath/go-jmespath
  version: bd40a432e4c76585ef6b72d3fd96fb9b6dc7b68d
- name: github.com/k0kubun/pp
  version: 027a6d1765d673d337e687394dbe780dd64e2a1e
- name: github.com/klauspost/compress
  version: 14c9a76e3c95e47f8ccce949bba2c1101a8b85e6
  subpackages:
  - flate
- name: github.com/klauspost/cpuid
  version: 09cded8978dc9e80714c4d85b0322337b0a1e5e0
- name: github.com/klauspost/crc32
  version: 1bab8b35b6bb565f92cbc97939610af9369f942a
- name: github.com/klauspost/pgzip
  version: e1189db7261c60cf75c77d573014936620d3d119
- name: github.com/mattn/go-colorable
  version: a392f450ea64cee2b268dfaacdc2502b50a22b18
- name: github.com/mattn/go-isatty
  version: 30a891c33c7cde7b02a981314b4228ec99380cca
- name: github.com/opencontainers/runc
  version: 31980a53ae7887b2c8f8715d13c3eb486c27b6cf
  subpackages:
  - libcontainer/system
  - libcontainer/utils
- name: github.com/opencontainers/runtime-spec
  version: 339eba52400dde8732b03e32624607a4517a556c
  subpackages:
  - specs-go
- name: github.com/taku-k/cgroups
  version: 1c03188be0ee9c5a8f0b9dc9e03842372643f87f
- name: github.com/urfave/cli
  version: 0bdeddeeb0f650497d603c4ad7b20cfe685682f6
- name: golang.org/x/sys
  version: d75a52659825e75fff6158388dddc6a5b04f9ba5
  subpackages:
  - unix
testImports: []
